
Microsoft Visual Studio Solution File, Format Version 12.00
# Visual Studio Version 16
VisualStudioVersion = 16.0.29709.97
MinimumVisualStudioVersion = 10.0.40219.1
Project("{888888A0-9F3D-457C-B088-3A5042F75D52}") = "JobApplicationTrackerApp", "JobApplicationTrackerApp\JobApplicationTrackerApp.pyproj", "{A5F46B35-04F3-436E-BFB0-D434A11C67AA}"
EndProject
Global
	GlobalSection(SolutionConfigurationPlatforms) = preSolution
		Debug|Any CPU = Debug|Any CPU
		Release|Any CPU = Release|Any CPU
	EndGlobalSection
	GlobalSection(ProjectConfigurationPlatforms) = postSolution
		{A5F46B35-04F3-436E-BFB0-D434A11C67AA}.Debug|Any CPU.ActiveCfg = Debug|Any CPU
		{A5F46B35-04F3-436E-BFB0-D434A11C67AA}.Release|Any CPU.ActiveCfg = Release|Any CPU
	EndGlobalSection
	GlobalSection(SolutionProperties) = preSolution
		HideSolutionNode = FALSE
	EndGlobalSection
	GlobalSection(ExtensibilityGlobals) = postSolution
		SolutionGuid = {A6DD8DC6-94FB-4781-82B0-15086197F3FF}
	EndGlobalSection
EndGlobal
